{
  "name": "testbynik",
  "version": "1.0.0",
  "lockfileVersion": 1,
  "requires": true,
  "dependencies": {
    "sudoku-solver-js": {
      "version": "0.1.4",
      "resolved": "https://registry.npmjs.org/sudoku-solver-js/-/sudoku-solver-js-0.1.4.tgz",
      "integrity": "sha512-KdxMYfz2M4Y/VNOPHHGuyD40VpYnj89NSonNYzQNDxl6zz9CfGbTI7eVAINEB1mvN+zp5G1+78yHlPmDWZUaCA=="
    },
    "underscore": {
      "version": "1.9.0",
      "resolved": "https://registry.npmjs.org/underscore/-/underscore-1.9.0.tgz",
      "integrity": "sha512-4IV1DSSxC1QK48j9ONFK1MoIAKKkbE8i7u55w2R6IqBqbT7A/iG7aZBCR2Bi8piF0Uz+i/MG1aeqLwl/5vqF+A=="
    }
  }
}
